<?xml version="1.0" encoding="utf-8"?>
<Project ToolsVersion="4.0" xmlns="http://schemas.microsoft.com/developer/msbuild/2003">
  <ItemGroup>
    <Filter Include="Source Files">
      <UniqueIdentifier>{4FC737F1-C7A5-4376-A066-2A32D752A2FF}</UniqueIdentifier>
      <Extensions>cpp;c;cc;cxx;def;odl;idl;hpj;bat;asm;asmx</Extensions>
    </Filter>
    <Filter Include="Driver Files">
      <UniqueIdentifier>{8E41214B-6785-4CFE-B992-037D68949A14}</UniqueIdentifier>
      <Extensions>inf;inv;inx;mof;mc;</Extensions>
    </Filter>
    <Filter Include="Source Files\ia32-doc">
      <UniqueIdentifier>{16b77153-07f7-4de0-8104-7695e5271c44}</UniqueIdentifier>
    </Filter>
  </ItemGroup>
  <ItemGroup>
    <Inf Include="hypervisor.inf">
      <Filter>Driver Files</Filter>
    </Inf>
  </ItemGroup>
  <ItemGroup>
    <ClCompile Include="main.cpp">
      <Filter>Source Files</Filter>
    </ClCompile>
    <ClCompile Include="vcpu.cpp">
      <Filter>Source Files</Filter>
    </ClCompile>
    <ClCompile Include="utils.cpp">
      <Filter>Source Files</Filter>
    </ClCompile>
    <ClCompile Include="mm.cpp">
      <Filter>Source Files</Filter>
    </ClCompile>
    <ClCompile Include="vmcs_helper.cpp">
      <Filter>Source Files</Filter>
    </ClCompile>
  </ItemGroup>
  <ItemGroup>
    <ClInclude Include="utils.h">
      <Filter>Source Files</Filter>
    </ClInclude>
    <ClInclude Include="vcpu.h">
      <Filter>Source Files</Filter>
    </ClInclude>
    <ClInclude Include="mm.h">
      <Filter>Source Files</Filter>
    </ClInclude>
    <ClInclude Include="type_define.h">
      <Filter>Source Files</Filter>
    </ClInclude>
    <ClInclude Include="ia32-doc\out\ia32.h">
      <Filter>Source Files\ia32-doc</Filter>
    </ClInclude>
    <ClInclude Include="ia32-doc\out\ia32.hpp">
      <Filter>Source Files\ia32-doc</Filter>
    </ClInclude>
    <ClInclude Include="ia32-doc\out\ia32_compact.h">
      <Filter>Source Files\ia32-doc</Filter>
    </ClInclude>
    <ClInclude Include="ia32-doc\out\ia32_defines_only.h">
      <Filter>Source Files\ia32-doc</Filter>
    </ClInclude>
    <ClInclude Include="arch.h">
      <Filter>Source Files</Filter>
    </ClInclude>
    <ClInclude Include="vmcs_helper.h">
      <Filter>Source Files</Filter>
    </ClInclude>
  </ItemGroup>
  <ItemGroup>
    <None Include="ia32-doc\out\Doxyfile">
      <Filter>Source Files\ia32-doc</Filter>
    </None>
  </ItemGroup>
  <ItemGroup>
    <MASM Include="arch.asm">
      <Filter>Source Files</Filter>
    </MASM>
    <MASM Include="vm_exit.asm">
      <Filter>Source Files</Filter>
    </MASM>
  </ItemGroup>
</Project>